
Microsoft Visual Studio Solution File, Format Version 12.00
# Visual Studio Version 17
VisualStudioVersion = 17.4.33213.308
MinimumVisualStudioVersion = 10.0.40219.1
Project("{FAE04EC0-301F-11D3-BF4B-00C04F79EFBC}") = "inventoryv2", "inventoryv2\inventoryv2.csproj", "{42D9662A-6BF7-4B68-8854-4E1E56787128}"
EndProject
Global
	GlobalSection(SolutionConfigurationPlatforms) = preSolution
		Debug|Any CPU = Debug|Any CPU
		Release|Any CPU = Release|Any CPU
	EndGlobalSection
	GlobalSection(ProjectConfigurationPlatforms) = postSolution
		{42D9662A-6BF7-4B68-8854-4E1E56787128}.Debug|Any CPU.ActiveCfg = Debug|Any CPU
		{42D9662A-6BF7-4B68-8854-4E1E56787128}.Debug|Any CPU.Build.0 = Debug|Any CPU
		{42D9662A-6BF7-4B68-8854-4E1E56787128}.Release|Any CPU.ActiveCfg = Release|Any CPU
		{42D9662A-6BF7-4B68-8854-4E1E56787128}.Release|Any CPU.Build.0 = Release|Any CPU
	EndGlobalSection
	GlobalSection(SolutionProperties) = preSolution
		HideSolutionNode = FALSE
	EndGlobalSection
	GlobalSection(ExtensibilityGlobals) = postSolution
		SolutionGuid = {A4E548DE-8822-4C0C-9349-E9F8F864F490}
	EndGlobalSection
EndGlobal
